
Microsoft Visual Studio Solution File, Format Version 12.00
# Visual Studio Version 16
VisualStudioVersion = 16.0.32002.261
MinimumVisualStudioVersion = 10.0.40219.1
Project("{FAE04EC0-301F-11D3-BF4B-00C04F79EFBC}") = "FAIC", "FAIC\FAIC.csproj", "{45E11D9A-94A5-4C22-950F-A6FE0F63F187}"
EndProject
Global
	GlobalSection(SolutionConfigurationPlatforms) = preSolution
		Debug|Any CPU = Debug|Any CPU
		Release|Any CPU = Release|Any CPU
	EndGlobalSection
	GlobalSection(ProjectConfigurationPlatforms) = postSolution
		{45E11D9A-94A5-4C22-950F-A6FE0F63F187}.Debug|Any CPU.ActiveCfg = Debug|Any CPU
		{45E11D9A-94A5-4C22-950F-A6FE0F63F187}.Debug|Any CPU.Build.0 = Debug|Any CPU
		{45E11D9A-94A5-4C22-950F-A6FE0F63F187}.Release|Any CPU.ActiveCfg = Release|Any CPU
		{45E11D9A-94A5-4C22-950F-A6FE0F63F187}.Release|Any CPU.Build.0 = Release|Any CPU
	EndGlobalSection
	GlobalSection(SolutionProperties) = preSolution
		HideSolutionNode = FALSE
	EndGlobalSection
	GlobalSection(ExtensibilityGlobals) = postSolution
		SolutionGuid = {7A138B3E-A88D-4EE0-9AEC-4C7003D1D956}
	EndGlobalSection
EndGlobal
